// !$*UTF8*$!
{
	archiveVersion = 1;
	classes = {
	};
	objectVersion = 52;
	objects = {

/* Begin PBXBuildFile section */
		B710AC6925E74DA50044B8F4 /* AboutTheLugosEditorApp.swift in Sources */ = {isa = PBXBuildFile; fileRef = B710AC6825E74DA50044B8F4 /* AboutTheLugosEditorApp.swift */; };
		B710AC6B25E74DA50044B8F4 /* MainEditorView.swift in Sources */ = {isa = PBXBuildFile; fileRef = B710AC6A25E74DA50044B8F4 /* MainEditorView.swift */; };
		B710AC6D25E74DA60044B8F4 /* Assets.xcassets in Resources */ = {isa = PBXBuildFile; fileRef = B710AC6C25E74DA60044B8F4 /* Assets.xcassets */; };
		B710AC7025E74DA60044B8F4 /* Preview Assets.xcassets in Resources */ = {isa = PBXBuildFile; fileRef = B710AC6F25E74DA60044B8F4 /* Preview Assets.xcassets */; };
		B71AC82225EB0E1300920F45 /* VaporLugos in Frameworks */ = {isa = PBXBuildFile; productRef = B71AC82125EB0E1300920F45 /* VaporLugos */; };
		B729C98C25EB90610042FB1B /* EditorTextView.swift in Sources */ = {isa = PBXBuildFile; fileRef = B729C98B25EB90610042FB1B /* EditorTextView.swift */; };
		B729C99625EB939A0042FB1B /* UIDataModels.swift in Sources */ = {isa = PBXBuildFile; fileRef = B729C99525EB939A0042FB1B /* UIDataModels.swift */; };
		B74533FC25EC1EB90054488B /* ResourceManager.swift in Sources */ = {isa = PBXBuildFile; fileRef = B74533FB25EC1EB90054488B /* ResourceManager.swift */; };
		B74FB75625E8E480000AB1F1 /* PreviewView.swift in Sources */ = {isa = PBXBuildFile; fileRef = B74FB75525E8E480000AB1F1 /* PreviewView.swift */; };
		B75B3A1425EA06930089B2CA /* MetaView.swift in Sources */ = {isa = PBXBuildFile; fileRef = B75B3A1325EA06930089B2CA /* MetaView.swift */; };
		B75B3A1A25EA31BC0089B2CA /* JavascriptInjection.swift in Sources */ = {isa = PBXBuildFile; fileRef = B75B3A1925EA31BC0089B2CA /* JavascriptInjection.swift */; };
		B75B3A2325EAA79A0089B2CA /* EditorTests.swift in Sources */ = {isa = PBXBuildFile; fileRef = B75B3A2225EAA79A0089B2CA /* EditorTests.swift */; };
		B7640D8525EC970600261EB4 /* MainAppDelegate.swift in Sources */ = {isa = PBXBuildFile; fileRef = B7640D8425EC970600261EB4 /* MainAppDelegate.swift */; };
		B7640D8B25EC97C400261EB4 /* ArticleFile+Extensions.swift in Sources */ = {isa = PBXBuildFile; fileRef = B7640D8A25EC97C400261EB4 /* ArticleFile+Extensions.swift */; };
		B779656C25EDCBB400D70305 /* EscapingMarkdownConverter.swift in Sources */ = {isa = PBXBuildFile; fileRef = B779656B25EDCBB400D70305 /* EscapingMarkdownConverter.swift */; };
		B799A38025ED910500F2C0B1 /* EditorTextViewCoordinator.swift in Sources */ = {isa = PBXBuildFile; fileRef = B799A37F25ED910500F2C0B1 /* EditorTextViewCoordinator.swift */; };
		B799A38425ED9C8900F2C0B1 /* MainEditorModels.swift in Sources */ = {isa = PBXBuildFile; fileRef = B799A38325ED9C8900F2C0B1 /* MainEditorModels.swift */; };
		B7C38AC125E8820C00189689 /* MainEditorState.swift in Sources */ = {isa = PBXBuildFile; fileRef = B7C38AC025E8820C00189689 /* MainEditorState.swift */; };
		B7C38AC625E8AA5300189689 /* FileUrlProvider.swift in Sources */ = {isa = PBXBuildFile; fileRef = B7C38AC525E8AA5300189689 /* FileUrlProvider.swift */; };
		B7CC17A225EDB7E20043B1F3 /* PreviewWebViewCoordinator.swift in Sources */ = {isa = PBXBuildFile; fileRef = B7CC17A125EDB7E20043B1F3 /* PreviewWebViewCoordinator.swift */; };
		B7CC17A925EDBCA30043B1F3 /* MetaViewState.swift in Sources */ = {isa = PBXBuildFile; fileRef = B7CC17A825EDBCA30043B1F3 /* MetaViewState.swift */; };
		B7CC17AD25EDC2B20043B1F3 /* View+Extensions.swift in Sources */ = {isa = PBXBuildFile; fileRef = B7CC17AC25EDC2B20043B1F3 /* View+Extensions.swift */; };
/* End PBXBuildFile section */

/* Begin PBXContainerItemProxy section */
		B75B3A2525EAA79A0089B2CA /* PBXContainerItemProxy */ = {
			isa = PBXContainerItemProxy;
			containerPortal = B710AC5D25E74DA50044B8F4 /* Project object */;
			proxyType = 1;
			remoteGlobalIDString = B710AC6425E74DA50044B8F4;
			remoteInfo = AboutTheLugosEditor;
		};
/* End PBXContainerItemProxy section */

/* Begin PBXFileReference section */
		B710AC6525E74DA50044B8F4 /* AboutTheLugosEditor.app */ = {isa = PBXFileReference; explicitFileType = wrapper.application; includeInIndex = 0; path = AboutTheLugosEditor.app; sourceTree = BUILT_PRODUCTS_DIR; };
		B710AC6825E74DA50044B8F4 /* AboutTheLugosEditorApp.swift */ = {isa = PBXFileReference; lastKnownFileType = sourcecode.swift; path = AboutTheLugosEditorApp.swift; sourceTree = "<group>"; };
		B710AC6A25E74DA50044B8F4 /* MainEditorView.swift */ = {isa = PBXFileReference; lastKnownFileType = sourcecode.swift; path = MainEditorView.swift; sourceTree = "<group>"; };
		B710AC6C25E74DA60044B8F4 /* Assets.xcassets */ = {isa = PBXFileReference; lastKnownFileType = folder.assetcatalog; path = Assets.xcassets; sourceTree = "<group>"; };
		B710AC6F25E74DA60044B8F4 /* Preview Assets.xcassets */ = {isa = PBXFileReference; lastKnownFileType = folder.assetcatalog; path = "Preview Assets.xcassets"; sourceTree = "<group>"; };
		B710AC7125E74DA60044B8F4 /* Info.plist */ = {isa = PBXFileReference; lastKnownFileType = text.plist.xml; path = Info.plist; sourceTree = "<group>"; };
		B710AC7225E74DA60044B8F4 /* AboutTheLugosEditor.entitlements */ = {isa = PBXFileReference; lastKnownFileType = text.plist.entitlements; path = AboutTheLugosEditor.entitlements; sourceTree = "<group>"; };
		B729C98B25EB90610042FB1B /* EditorTextView.swift */ = {isa = PBXFileReference; lastKnownFileType = sourcecode.swift; path = EditorTextView.swift; sourceTree = "<group>"; };
		B729C99525EB939A0042FB1B /* UIDataModels.swift */ = {isa = PBXFileReference; lastKnownFileType = sourcecode.swift; path = UIDataModels.swift; sourceTree = "<group>"; };
		B74533FB25EC1EB90054488B /* ResourceManager.swift */ = {isa = PBXFileReference; lastKnownFileType = sourcecode.swift; path = ResourceManager.swift; sourceTree = "<group>"; };
		B74FB75525E8E480000AB1F1 /* PreviewView.swift */ = {isa = PBXFileReference; lastKnownFileType = sourcecode.swift; path = PreviewView.swift; sourceTree = "<group>"; };
		B75B3A1325EA06930089B2CA /* MetaView.swift */ = {isa = PBXFileReference; lastKnownFileType = sourcecode.swift; path = MetaView.swift; sourceTree = "<group>"; };
		B75B3A1925EA31BC0089B2CA /* JavascriptInjection.swift */ = {isa = PBXFileReference; lastKnownFileType = sourcecode.swift; path = JavascriptInjection.swift; sourceTree = "<group>"; };
		B75B3A2025EAA79A0089B2CA /* EditorTests.xctest */ = {isa = PBXFileReference; explicitFileType = wrapper.cfbundle; includeInIndex = 0; path = EditorTests.xctest; sourceTree = BUILT_PRODUCTS_DIR; };
		B75B3A2225EAA79A0089B2CA /* EditorTests.swift */ = {isa = PBXFileReference; lastKnownFileType = sourcecode.swift; path = EditorTests.swift; sourceTree = "<group>"; };
		B75B3A2425EAA79A0089B2CA /* Info.plist */ = {isa = PBXFileReference; lastKnownFileType = text.plist.xml; path = Info.plist; sourceTree = "<group>"; };
		B7640D8425EC970600261EB4 /* MainAppDelegate.swift */ = {isa = PBXFileReference; lastKnownFileType = sourcecode.swift; path = MainAppDelegate.swift; sourceTree = "<group>"; };
		B7640D8A25EC97C400261EB4 /* ArticleFile+Extensions.swift */ = {isa = PBXFileReference; lastKnownFileType = sourcecode.swift; path = "ArticleFile+Extensions.swift"; sourceTree = "<group>"; };
		B779656B25EDCBB400D70305 /* EscapingMarkdownConverter.swift */ = {isa = PBXFileReference; lastKnownFileType = sourcecode.swift; path = EscapingMarkdownConverter.swift; sourceTree = "<group>"; };
		B799A37F25ED910500F2C0B1 /* EditorTextViewCoordinator.swift */ = {isa = PBXFileReference; lastKnownFileType = sourcecode.swift; path = EditorTextViewCoordinator.swift; sourceTree = "<group>"; };
		B799A38325ED9C8900F2C0B1 /* MainEditorModels.swift */ = {isa = PBXFileReference; lastKnownFileType = sourcecode.swift; path = MainEditorModels.swift; sourceTree = "<group>"; };
		B7C38AC025E8820C00189689 /* MainEditorState.swift */ = {isa = PBXFileReference; lastKnownFileType = sourcecode.swift; path = MainEditorState.swift; sourceTree = "<group>"; };
		B7C38AC525E8AA5300189689 /* FileUrlProvider.swift */ = {isa = PBXFileReference; lastKnownFileType = sourcecode.swift; path = FileUrlProvider.swift; sourceTree = "<group>"; };
		B7CC17A125EDB7E20043B1F3 /* PreviewWebViewCoordinator.swift */ = {isa = PBXFileReference; lastKnownFileType = sourcecode.swift; path = PreviewWebViewCoordinator.swift; sourceTree = "<group>"; };
		B7CC17A825EDBCA30043B1F3 /* MetaViewState.swift */ = {isa = PBXFileReference; lastKnownFileType = sourcecode.swift; path = MetaViewState.swift; sourceTree = "<group>"; };
		B7CC17AC25EDC2B20043B1F3 /* View+Extensions.swift */ = {isa = PBXFileReference; lastKnownFileType = sourcecode.swift; path = "View+Extensions.swift"; sourceTree = "<group>"; };
/* End PBXFileReference section */

/* Begin PBXFrameworksBuildPhase section */
		B710AC6225E74DA50044B8F4 /* Frameworks */ = {
			isa = PBXFrameworksBuildPhase;
			buildActionMask = 2147483647;
			files = (
				B71AC82225EB0E1300920F45 /* VaporLugos in Frameworks */,
			);
			runOnlyForDeploymentPostprocessing = 0;
		};
		B75B3A1D25EAA79A0089B2CA /* Frameworks */ = {
			isa = PBXFrameworksBuildPhase;
			buildActionMask = 2147483647;
			files = (
			);
			runOnlyForDeploymentPostprocessing = 0;
		};
/* End PBXFrameworksBuildPhase section */

/* Begin PBXGroup section */
		B710AC5C25E74DA50044B8F4 = {
			isa = PBXGroup;
			children = (
				B710AC6725E74DA50044B8F4 /* AboutTheLugosEditor */,
				B75B3A2125EAA79A0089B2CA /* EditorTests */,
				B710AC6625E74DA50044B8F4 /* Products */,
			);
			sourceTree = "<group>";
		};
		B710AC6625E74DA50044B8F4 /* Products */ = {
			isa = PBXGroup;
			children = (
				B710AC6525E74DA50044B8F4 /* AboutTheLugosEditor.app */,
				B75B3A2025EAA79A0089B2CA /* EditorTests.xctest */,
			);
			name = Products;
			sourceTree = "<group>";
		};
		B710AC6725E74DA50044B8F4 /* AboutTheLugosEditor */ = {
			isa = PBXGroup;
			children = (
				B77C86FD25E75EA800A939F1 /* Sources */,
				B710AC6C25E74DA60044B8F4 /* Assets.xcassets */,
				B710AC7125E74DA60044B8F4 /* Info.plist */,
				B710AC7225E74DA60044B8F4 /* AboutTheLugosEditor.entitlements */,
				B710AC6E25E74DA60044B8F4 /* Preview Content */,
			);
			path = AboutTheLugosEditor;
			sourceTree = "<group>";
		};
		B710AC6E25E74DA60044B8F4 /* Preview Content */ = {
			isa = PBXGroup;
			children = (
				B710AC6F25E74DA60044B8F4 /* Preview Assets.xcassets */,
			);
			path = "Preview Content";
			sourceTree = "<group>";
		};
		B729C98F25EB930D0042FB1B /* TextEditorPane */ = {
			isa = PBXGroup;
			children = (
				B729C98B25EB90610042FB1B /* EditorTextView.swift */,
				B799A37F25ED910500F2C0B1 /* EditorTextViewCoordinator.swift */,
			);
			path = TextEditorPane;
			sourceTree = "<group>";
		};
		B74FB75825E8E483000AB1F1 /* Views */ = {
			isa = PBXGroup;
			children = (
				B7D0573425EDC85E00D782E1 /* MainEditorView */,
				B729C98F25EB930D0042FB1B /* TextEditorPane */,
				B75B3A1725EA309B0089B2CA /* HTMLPreviewPane */,
				B7CC17A525EDBAAD0043B1F3 /* MetaView */,
				B7CC17AC25EDC2B20043B1F3 /* View+Extensions.swift */,
			);
			path = Views;
			sourceTree = "<group>";
		};
		B75B3A1725EA309B0089B2CA /* HTMLPreviewPane */ = {
			isa = PBXGroup;
			children = (
				B74FB75525E8E480000AB1F1 /* PreviewView.swift */,
				B7CC17A125EDB7E20043B1F3 /* PreviewWebViewCoordinator.swift */,
			);
			path = HTMLPreviewPane;
			sourceTree = "<group>";
		};
		B75B3A2125EAA79A0089B2CA /* EditorTests */ = {
			isa = PBXGroup;
			children = (
				B75B3A2225EAA79A0089B2CA /* EditorTests.swift */,
				B75B3A2425EAA79A0089B2CA /* Info.plist */,
			);
			path = EditorTests;
			sourceTree = "<group>";
		};
		B77C86FD25E75EA800A939F1 /* Sources */ = {
			isa = PBXGroup;
			children = (
				B710AC6825E74DA50044B8F4 /* AboutTheLugosEditorApp.swift */,
				B7640D8425EC970600261EB4 /* MainAppDelegate.swift */,
				B7CC179C25EDB6830043B1F3 /* Managers */,
				B7C38ABF25E881FD00189689 /* Models */,
				B74FB75825E8E483000AB1F1 /* Views */,
			);
			path = Sources;
			sourceTree = "<group>";
		};
		B7C38ABF25E881FD00189689 /* Models */ = {
			isa = PBXGroup;
			children = (
				B75B3A1925EA31BC0089B2CA /* JavascriptInjection.swift */,
				B729C99525EB939A0042FB1B /* UIDataModels.swift */,
			);
			path = Models;
			sourceTree = "<group>";
		};
		B7CC179C25EDB6830043B1F3 /* Managers */ = {
			isa = PBXGroup;
			children = (
				B74533FB25EC1EB90054488B /* ResourceManager.swift */,
				B7640D8A25EC97C400261EB4 /* ArticleFile+Extensions.swift */,
				B7C38AC525E8AA5300189689 /* FileUrlProvider.swift */,
			);
			path = Managers;
			sourceTree = "<group>";
		};
		B7CC17A525EDBAAD0043B1F3 /* MetaView */ = {
			isa = PBXGroup;
			children = (
				B75B3A1325EA06930089B2CA /* MetaView.swift */,
				B7CC17A825EDBCA30043B1F3 /* MetaViewState.swift */,
			);
			path = MetaView;
			sourceTree = "<group>";
		};
		B7D0573425EDC85E00D782E1 /* MainEditorView */ = {
			isa = PBXGroup;
			children = (
				B710AC6A25E74DA50044B8F4 /* MainEditorView.swift */,
				B7C38AC025E8820C00189689 /* MainEditorState.swift */,
				B799A38325ED9C8900F2C0B1 /* MainEditorModels.swift */,
				B779656B25EDCBB400D70305 /* EscapingMarkdownConverter.swift */,
			);
			path = MainEditorView;
			sourceTree = "<group>";
		};
/* End PBXGroup section */

/* Begin PBXNativeTarget section */
		B710AC6425E74DA50044B8F4 /* AboutTheLugosEditor */ = {
			isa = PBXNativeTarget;
			buildConfigurationList = B710AC7525E74DA60044B8F4 /* Build configuration list for PBXNativeTarget "AboutTheLugosEditor" */;
			buildPhases = (
				B710AC6125E74DA50044B8F4 /* Sources */,
				B710AC6225E74DA50044B8F4 /* Frameworks */,
				B710AC6325E74DA50044B8F4 /* Resources */,
			);
			buildRules = (
			);
			dependencies = (
			);
			name = AboutTheLugosEditor;
			packageProductDependencies = (
				B71AC82125EB0E1300920F45 /* VaporLugos */,
			);
			productName = AboutTheLugosEditor;
			productReference = B710AC6525E74DA50044B8F4 /* AboutTheLugosEditor.app */;
			productType = "com.apple.product-type.application";
		};
		B75B3A1F25EAA79A0089B2CA /* EditorTests */ = {
			isa = PBXNativeTarget;
			buildConfigurationList = B75B3A2725EAA79A0089B2CA /* Build configuration list for PBXNativeTarget "EditorTests" */;
			buildPhases = (
				B75B3A1C25EAA79A0089B2CA /* Sources */,
				B75B3A1D25EAA79A0089B2CA /* Frameworks */,
				B75B3A1E25EAA79A0089B2CA /* Resources */,
			);
			buildRules = (
			);
			dependencies = (
				B75B3A2625EAA79A0089B2CA /* PBXTargetDependency */,
			);
			name = EditorTests;
			productName = EditorTests;
			productReference = B75B3A2025EAA79A0089B2CA /* EditorTests.xctest */;
			productType = "com.apple.product-type.bundle.unit-test";
		};
/* End PBXNativeTarget section */

/* Begin PBXProject section */
		B710AC5D25E74DA50044B8F4 /* Project object */ = {
			isa = PBXProject;
			attributes = {
				LastSwiftUpdateCheck = 1240;
				LastUpgradeCheck = 1240;
				TargetAttributes = {
					B710AC6425E74DA50044B8F4 = {
						CreatedOnToolsVersion = 12.4;
					};
					B75B3A1F25EAA79A0089B2CA = {
						CreatedOnToolsVersion = 12.4;
						TestTargetID = B710AC6425E74DA50044B8F4;
					};
				};
			};
			buildConfigurationList = B710AC6025E74DA50044B8F4 /* Build configuration list for PBXProject "AboutTheLugosEditor" */;
			compatibilityVersion = "Xcode 9.3";
			developmentRegion = en;
			hasScannedForEncodings = 0;
			knownRegions = (
				en,
				Base,
			);
			mainGroup = B710AC5C25E74DA50044B8F4;
			packageReferences = (
				B71AC82025EB0E1300920F45 /* XCRemoteSwiftPackageReference "AboutTheLugosSwiftly" */,
			);
			productRefGroup = B710AC6625E74DA50044B8F4 /* Products */;
			projectDirPath = "";
			projectRoot = "";
			targets = (
				B710AC6425E74DA50044B8F4 /* AboutTheLugosEditor */,
				B75B3A1F25EAA79A0089B2CA /* EditorTests */,
			);
		};
/* End PBXProject section */

/* Begin PBXResourcesBuildPhase section */
		B710AC6325E74DA50044B8F4 /* Resources */ = {
			isa = PBXResourcesBuildPhase;
			buildActionMask = 2147483647;
			files = (
				B710AC7025E74DA60044B8F4 /* Preview Assets.xcassets in Resources */,
				B710AC6D25E74DA60044B8F4 /* Assets.xcassets in Resources */,
			);
			runOnlyForDeploymentPostprocessing = 0;
		};
		B75B3A1E25EAA79A0089B2CA /* Resources */ = {
			isa = PBXResourcesBuildPhase;
			buildActionMask = 2147483647;
			files = (
			);
			runOnlyForDeploymentPostprocessing = 0;
		};
/* End PBXResourcesBuildPhase section */

/* Begin PBXSourcesBuildPhase section */
		B710AC6125E74DA50044B8F4 /* Sources */ = {
			isa = PBXSourcesBuildPhase;
			buildActionMask = 2147483647;
			files = (
				B74FB75625E8E480000AB1F1 /* PreviewView.swift in Sources */,
				B7CC17A925EDBCA30043B1F3 /* MetaViewState.swift in Sources */,
				B729C99625EB939A0042FB1B /* UIDataModels.swift in Sources */,
				B7640D8B25EC97C400261EB4 /* ArticleFile+Extensions.swift in Sources */,
				B710AC6B25E74DA50044B8F4 /* MainEditorView.swift in Sources */,
				B75B3A1A25EA31BC0089B2CA /* JavascriptInjection.swift in Sources */,
				B7CC17A225EDB7E20043B1F3 /* PreviewWebViewCoordinator.swift in Sources */,
				B7CC17AD25EDC2B20043B1F3 /* View+Extensions.swift in Sources */,
				B7C38AC125E8820C00189689 /* MainEditorState.swift in Sources */,
				B75B3A1425EA06930089B2CA /* MetaView.swift in Sources */,
				B7C38AC625E8AA5300189689 /* FileUrlProvider.swift in Sources */,
				B779656C25EDCBB400D70305 /* EscapingMarkdownConverter.swift in Sources */,
				B729C98C25EB90610042FB1B /* EditorTextView.swift in Sources */,
				B799A38425ED9C8900F2C0B1 /* MainEditorModels.swift in Sources */,
				B799A38025ED910500F2C0B1 /* EditorTextViewCoordinator.swift in Sources */,
				B7640D8525EC970600261EB4 /* MainAppDelegate.swift in Sources */,
				B710AC6925E74DA50044B8F4 /* AboutTheLugosEditorApp.swift in Sources */,
				B74533FC25EC1EB90054488B /* ResourceManager.swift in Sources */,
			);
			runOnlyForDeploymentPostprocessing = 0;
		};
		B75B3A1C25EAA79A0089B2CA /* Sources */ = {
			isa = PBXSourcesBuildPhase;
			buildActionMask = 2147483647;
			files = (
				B75B3A2325EAA79A0089B2CA /* EditorTests.swift in Sources */,
			);
			runOnlyForDeploymentPostprocessing = 0;
		};
/* End PBXSourcesBuildPhase section */

/* Begin PBXTargetDependency section */
		B75B3A2625EAA79A0089B2CA /* PBXTargetDependency */ = {
			isa = PBXTargetDependency;
			target = B710AC6425E74DA50044B8F4 /* AboutTheLugosEditor */;
			targetProxy = B75B3A2525EAA79A0089B2CA /* PBXContainerItemProxy */;
		};
/* End PBXTargetDependency section */

/* Begin XCBuildConfiguration section */
		B710AC7325E74DA60044B8F4 /* Debug */ = {
			isa = XCBuildConfiguration;
			buildSettings = {
				ALWAYS_SEARCH_USER_PATHS = NO;
				CLANG_ANALYZER_NONNULL = YES;
				CLANG_ANALYZER_NUMBER_OBJECT_CONVERSION = YES_AGGRESSIVE;
				CLANG_CXX_LANGUAGE_STANDARD = "gnu++14";
				CLANG_CXX_LIBRARY = "libc++";
				CLANG_ENABLE_MODULES = YES;
				CLANG_ENABLE_OBJC_ARC = YES;
				CLANG_ENABLE_OBJC_WEAK = YES;
				CLANG_WARN_BLOCK_CAPTURE_AUTORELEASING = YES;
				CLANG_WARN_BOOL_CONVERSION = YES;
				CLANG_WARN_COMMA = YES;
				CLANG_WARN_CONSTANT_CONVERSION = YES;
				CLANG_WARN_DEPRECATED_OBJC_IMPLEMENTATIONS = YES;
				CLANG_WARN_DIRECT_OBJC_ISA_USAGE = YES_ERROR;
				CLANG_WARN_DOCUMENTATION_COMMENTS = YES;
				CLANG_WARN_EMPTY_BODY = YES;
				CLANG_WARN_ENUM_CONVERSION = YES;
				CLANG_WARN_INFINITE_RECURSION = YES;
				CLANG_WARN_INT_CONVERSION = YES;
				CLANG_WARN_NON_LITERAL_NULL_CONVERSION = YES;
				CLANG_WARN_OBJC_IMPLICIT_RETAIN_SELF = YES;
				CLANG_WARN_OBJC_LITERAL_CONVERSION = YES;
				CLANG_WARN_OBJC_ROOT_CLASS = YES_ERROR;
				CLANG_WARN_QUOTED_INCLUDE_IN_FRAMEWORK_HEADER = YES;
				CLANG_WARN_RANGE_LOOP_ANALYSIS = YES;
				CLANG_WARN_STRICT_PROTOTYPES = YES;
				CLANG_WARN_SUSPICIOUS_MOVE = YES;
				CLANG_WARN_UNGUARDED_AVAILABILITY = YES_AGGRESSIVE;
				CLANG_WARN_UNREACHABLE_CODE = YES;
				CLANG_WARN__DUPLICATE_METHOD_MATCH = YES;
				COPY_PHASE_STRIP = NO;
				DEBUG_INFORMATION_FORMAT = dwarf;
				ENABLE_STRICT_OBJC_MSGSEND = YES;
				ENABLE_TESTABILITY = YES;
				GCC_C_LANGUAGE_STANDARD = gnu11;
				GCC_DYNAMIC_NO_PIC = NO;
				GCC_NO_COMMON_BLOCKS = YES;
				GCC_OPTIMIZATION_LEVEL = 0;
				GCC_PREPROCESSOR_DEFINITIONS = (
					"DEBUG=1",
					"$(inherited)",
				);
				GCC_WARN_64_TO_32_BIT_CONVERSION = YES;
				GCC_WARN_ABOUT_RETURN_TYPE = YES_ERROR;
				GCC_WARN_UNDECLARED_SELECTOR = YES;
				GCC_WARN_UNINITIALIZED_AUTOS = YES_AGGRESSIVE;
				GCC_WARN_UNUSED_FUNCTION = YES;
				GCC_WARN_UNUSED_VARIABLE = YES;
				MACOSX_DEPLOYMENT_TARGET = 11.0;
				MTL_ENABLE_DEBUG_INFO = INCLUDE_SOURCE;
				MTL_FAST_MATH = YES;
				ONLY_ACTIVE_ARCH = YES;
				SDKROOT = macosx;
				SWIFT_ACTIVE_COMPILATION_CONDITIONS = DEBUG;
				SWIFT_OPTIMIZATION_LEVEL = "-Onone";
			};
			name = Debug;
		};
		B710AC7425E74DA60044B8F4 /* Release */ = {
			isa = XCBuildConfiguration;
			buildSettings = {
				ALWAYS_SEARCH_USER_PATHS = NO;
				CLANG_ANALYZER_NONNULL = YES;
				CLANG_ANALYZER_NUMBER_OBJECT_CONVERSION = YES_AGGRESSIVE;
				CLANG_CXX_LANGUAGE_STANDARD = "gnu++14";
				CLANG_CXX_LIBRARY = "libc++";
				CLANG_ENABLE_MODULES = YES;
				CLANG_ENABLE_OBJC_ARC = YES;
				CLANG_ENABLE_OBJC_WEAK = YES;
				CLANG_WARN_BLOCK_CAPTURE_AUTORELEASING = YES;
				CLANG_WARN_BOOL_CONVERSION = YES;
				CLANG_WARN_COMMA = YES;
				CLANG_WARN_CONSTANT_CONVERSION = YES;
				CLANG_WARN_DEPRECATED_OBJC_IMPLEMENTATIONS = YES;
				CLANG_WARN_DIRECT_OBJC_ISA_USAGE = YES_ERROR;
				CLANG_WARN_DOCUMENTATION_COMMENTS = YES;
				CLANG_WARN_EMPTY_BODY = YES;
				CLANG_WARN_ENUM_CONVERSION = YES;
				CLANG_WARN_INFINITE_RECURSION = YES;
				CLANG_WARN_INT_CONVERSION = YES;
				CLANG_WARN_NON_LITERAL_NULL_CONVERSION = YES;
				CLANG_WARN_OBJC_IMPLICIT_RETAIN_SELF = YES;
				CLANG_WARN_OBJC_LITERAL_CONVERSION = YES;
				CLANG_WARN_OBJC_ROOT_CLASS = YES_ERROR;
				CLANG_WARN_QUOTED_INCLUDE_IN_FRAMEWORK_HEADER = YES;
				CLANG_WARN_RANGE_LOOP_ANALYSIS = YES;
				CLANG_WARN_STRICT_PROTOTYPES = YES;
				CLANG_WARN_SUSPICIOUS_MOVE = YES;
				CLANG_WARN_UNGUARDED_AVAILABILITY = YES_AGGRESSIVE;
				CLANG_WARN_UNREACHABLE_CODE = YES;
				CLANG_WARN__DUPLICATE_METHOD_MATCH = YES;
				COPY_PHASE_STRIP = NO;
				DEBUG_INFORMATION_FORMAT = "dwarf-with-dsym";
				ENABLE_NS_ASSERTIONS = NO;
				ENABLE_STRICT_OBJC_MSGSEND = YES;
				GCC_C_LANGUAGE_STANDARD = gnu11;
				GCC_NO_COMMON_BLOCKS = YES;
				GCC_WARN_64_TO_32_BIT_CONVERSION = YES;
				GCC_WARN_ABOUT_RETURN_TYPE = YES_ERROR;
				GCC_WARN_UNDECLARED_SELECTOR = YES;
				GCC_WARN_UNINITIALIZED_AUTOS = YES_AGGRESSIVE;
				GCC_WARN_UNUSED_FUNCTION = YES;
				GCC_WARN_UNUSED_VARIABLE = YES;
				MACOSX_DEPLOYMENT_TARGET = 11.0;
				MTL_ENABLE_DEBUG_INFO = NO;
				MTL_FAST_MATH = YES;
				SDKROOT = macosx;
				SWIFT_COMPILATION_MODE = wholemodule;
				SWIFT_OPTIMIZATION_LEVEL = "-O";
			};
			name = Release;
		};
		B710AC7625E74DA60044B8F4 /* Debug */ = {
			isa = XCBuildConfiguration;
			buildSettings = {
				ASSETCATALOG_COMPILER_APPICON_NAME = AppIcon;
				ASSETCATALOG_COMPILER_GLOBAL_ACCENT_COLOR_NAME = AccentColor;
				CODE_SIGN_ENTITLEMENTS = AboutTheLugosEditor/AboutTheLugosEditor.entitlements;
				CODE_SIGN_STYLE = Automatic;
				COMBINE_HIDPI_IMAGES = YES;
				DEVELOPMENT_ASSET_PATHS = "\"AboutTheLugosEditor/Preview Content\"";
				DEVELOPMENT_TEAM = XR2HQNSZ68;
				ENABLE_HARDENED_RUNTIME = YES;
				ENABLE_PREVIEWS = YES;
				INFOPLIST_FILE = AboutTheLugosEditor/Info.plist;
				LD_RUNPATH_SEARCH_PATHS = (
					"$(inherited)",
					"@executable_path/../Frameworks",
				);
				MACOSX_DEPLOYMENT_TARGET = 11.0;
				PRODUCT_BUNDLE_IDENTIFIER = com.lugodev.AboutTheLugosEditor;
				PRODUCT_NAME = "$(TARGET_NAME)";
				SWIFT_VERSION = 5.0;
			};
			name = Debug;
		};
		B710AC7725E74DA60044B8F4 /* Release */ = {
			isa = XCBuildConfiguration;
			buildSettings = {
				ASSETCATALOG_COMPILER_APPICON_NAME = AppIcon;
				ASSETCATALOG_COMPILER_GLOBAL_ACCENT_COLOR_NAME = AccentColor;
				CODE_SIGN_ENTITLEMENTS = AboutTheLugosEditor/AboutTheLugosEditor.entitlements;
				CODE_SIGN_STYLE = Automatic;
				COMBINE_HIDPI_IMAGES = YES;
				DEVELOPMENT_ASSET_PATHS = "\"AboutTheLugosEditor/Preview Content\"";
				DEVELOPMENT_TEAM = XR2HQNSZ68;
				ENABLE_HARDENED_RUNTIME = YES;
				ENABLE_PREVIEWS = YES;
				INFOPLIST_FILE = AboutTheLugosEditor/Info.plist;
				LD_RUNPATH_SEARCH_PATHS = (
					"$(inherited)",
					"@executable_path/../Frameworks",
				);
				MACOSX_DEPLOYMENT_TARGET = 11.0;
				PRODUCT_BUNDLE_IDENTIFIER = com.lugodev.AboutTheLugosEditor;
				PRODUCT_NAME = "$(TARGET_NAME)";
				SWIFT_VERSION = 5.0;
			};
			name = Release;
		};
		B75B3A2825EAA79A0089B2CA /* Debug */ = {
			isa = XCBuildConfiguration;
			buildSettings = {
				BUNDLE_LOADER = "$(TEST_HOST)";
				CODE_SIGN_STYLE = Automatic;
				COMBINE_HIDPI_IMAGES = YES;
				DEVELOPMENT_TEAM = XR2HQNSZ68;
				INFOPLIST_FILE = EditorTests/Info.plist;
				LD_RUNPATH_SEARCH_PATHS = (
					"$(inherited)",
					"@executable_path/../Frameworks",
					"@loader_path/../Frameworks",
				);
				MACOSX_DEPLOYMENT_TARGET = 11.1;
				PRODUCT_BUNDLE_IDENTIFIER = com.lugodev.EditorTests;
				PRODUCT_NAME = "$(TARGET_NAME)";
				SWIFT_VERSION = 5.0;
				TEST_HOST = "$(BUILT_PRODUCTS_DIR)/AboutTheLugosEditor.app/Contents/MacOS/AboutTheLugosEditor";
			};
			name = Debug;
		};
		B75B3A2925EAA79A0089B2CA /* Release */ = {
			isa = XCBuildConfiguration;
			buildSettings = {
				BUNDLE_LOADER = "$(TEST_HOST)";
				CODE_SIGN_STYLE = Automatic;
				COMBINE_HIDPI_IMAGES = YES;
				DEVELOPMENT_TEAM = XR2HQNSZ68;
				INFOPLIST_FILE = EditorTests/Info.plist;
				LD_RUNPATH_SEARCH_PATHS = (
					"$(inherited)",
					"@executable_path/../Frameworks",
					"@loader_path/../Frameworks",
				);
				MACOSX_DEPLOYMENT_TARGET = 11.1;
				PRODUCT_BUNDLE_IDENTIFIER = com.lugodev.EditorTests;
				PRODUCT_NAME = "$(TARGET_NAME)";
				SWIFT_VERSION = 5.0;
				TEST_HOST = "$(BUILT_PRODUCTS_DIR)/AboutTheLugosEditor.app/Contents/MacOS/AboutTheLugosEditor";
			};
			name = Release;
		};
/* End XCBuildConfiguration section */

/* Begin XCConfigurationList section */
		B710AC6025E74DA50044B8F4 /* Build configuration list for PBXProject "AboutTheLugosEditor" */ = {
			isa = XCConfigurationList;
			buildConfigurations = (
				B710AC7325E74DA60044B8F4 /* Debug */,
				B710AC7425E74DA60044B8F4 /* Release */,
			);
			defaultConfigurationIsVisible = 0;
			defaultConfigurationName = Release;
		};
		B710AC7525E74DA60044B8F4 /* Build configuration list for PBXNativeTarget "AboutTheLugosEditor" */ = {
			isa = XCConfigurationList;
			buildConfigurations = (
				B710AC7625E74DA60044B8F4 /* Debug */,
				B710AC7725E74DA60044B8F4 /* Release */,
			);
			defaultConfigurationIsVisible = 0;
			defaultConfigurationName = Release;
		};
		B75B3A2725EAA79A0089B2CA /* Build configuration list for PBXNativeTarget "EditorTests" */ = {
			isa = XCConfigurationList;
			buildConfigurations = (
				B75B3A2825EAA79A0089B2CA /* Debug */,
				B75B3A2925EAA79A0089B2CA /* Release */,
			);
			defaultConfigurationIsVisible = 0;
			defaultConfigurationName = Release;
		};
/* End XCConfigurationList section */

/* Begin XCRemoteSwiftPackageReference section */
		B71AC82025EB0E1300920F45 /* XCRemoteSwiftPackageReference "AboutTheLugosSwiftly" */ = {
			isa = XCRemoteSwiftPackageReference;
			repositoryURL = "https://github.com/tikimcfee/AboutTheLugosSwiftly/";
			requirement = {
				branch = master;
				kind = branch;
			};
		};
/* End XCRemoteSwiftPackageReference section */

/* Begin XCSwiftPackageProductDependency section */
		B71AC82125EB0E1300920F45 /* VaporLugos */ = {
			isa = XCSwiftPackageProductDependency;
			package = B71AC82025EB0E1300920F45 /* XCRemoteSwiftPackageReference "AboutTheLugosSwiftly" */;
			productName = VaporLugos;
		};
/* End XCSwiftPackageProductDependency section */
	};
	rootObject = B710AC5D25E74DA50044B8F4 /* Project object */;
}
