{
  "object": {
    "pins": [
      {
        "package": "VaporLugos",
        "repositoryURL": "https://github.com/tikimcfee/AboutTheLugosSwiftly/",
        "state": {
          "branch": "master",
          "revision": "7c8625c4ffa182afef1e9c054240d5c0043d16a5",
          "version": null
        }
      },
      {
        "package": "CSS",
        "repositoryURL": "https://github.com/tikimcfee/swift-css",
        "state": {
          "branch": "master",
          "revision": "aa3853673acc6b5344b59c9858ba4971e930b27b",
          "version": null
        }
      },
      {
        "package": "Html",
        "repositoryURL": "https://github.com/tikimcfee/swift-html",
        "state": {
          "branch": null,
          "revision": "3ffc3fc8feb5fde766f5f44fd06ebc030f0721f3",
          "version": "0.3.1"
        }
      },
      {
        "package": "MarkdownKit",
        "repositoryURL": "https://github.com/tikimcfee/swift-markdownkit",
        "state": {
          "branch": null,
          "revision": "20f722a5909be4fede4ec4903db46780379cea9e",
          "version": "1.0.5"
        }
      },
      {
        "package": "SnapshotTesting",
        "repositoryURL": "https://github.com/pointfreeco/swift-snapshot-testing.git",
        "state": {
          "branch": null,
          "revision": "c466812aa2e22898f27557e2e780d3aad7a27203",
          "version": "1.8.2"
        }
      }
    ]
  },
  "version": 1
}
